
Microsoft Visual Studio Solution File, Format Version 12.00
# Visual Studio Version 18
VisualStudioVersion = 18.2.11408.102
MinimumVisualStudioVersion = 10.0.40219.1
Project("{FAE04EC0-301F-11D3-BF4B-00C04F79EFBC}") = "FooProject.Collection", "List\FooProject.Collection.csproj", "{0E9DF698-18A6-4572-8E1F-F775B3A5A53B}"
EndProject
Project("{FAE04EC0-301F-11D3-BF4B-00C04F79EFBC}") = "UnitTest", "UnitTest\UnitTest.csproj", "{61606089-DEA9-4208-A983-301DDA786F4E}"
EndProject
Project("{FAE04EC0-301F-11D3-BF4B-00C04F79EFBC}") = "EditorDemo", "EditorDemo\EditorDemo.csproj", "{1B82C21B-1301-45C0-A65B-44B25FE9C7C0}"
EndProject
Project("{FAE04EC0-301F-11D3-BF4B-00C04F79EFBC}") = "UnitTest_net481", "UnitTest_net481\UnitTest_net481.csproj", "{73D69884-6781-4150-B63E-809A1110ED82}"
EndProject
Project("{FAE04EC0-301F-11D3-BF4B-00C04F79EFBC}") = "TextReaderDemo", "TextReaderDemo\TextReaderDemo.csproj", "{9C1B9490-1752-49D7-84A0-7A64A2DEC4D5}"
EndProject
Project("{D954291E-2A0B-460D-934E-DC6B0785DB48}") = "SharedDemoProgram", "SharedDemoProgram\SharedDemoProgram.shproj", "{3F8F85E6-B563-4E11-9550-ED288393053A}"
EndProject
Global
	GlobalSection(SolutionConfigurationPlatforms) = preSolution
		Debug|Any CPU = Debug|Any CPU
		Release|Any CPU = Release|Any CPU
	EndGlobalSection
	GlobalSection(ProjectConfigurationPlatforms) = postSolution
		{0E9DF698-18A6-4572-8E1F-F775B3A5A53B}.Debug|Any CPU.ActiveCfg = Debug|Any CPU
		{0E9DF698-18A6-4572-8E1F-F775B3A5A53B}.Debug|Any CPU.Build.0 = Debug|Any CPU
		{0E9DF698-18A6-4572-8E1F-F775B3A5A53B}.Release|Any CPU.ActiveCfg = Release|Any CPU
		{0E9DF698-18A6-4572-8E1F-F775B3A5A53B}.Release|Any CPU.Build.0 = Release|Any CPU
		{61606089-DEA9-4208-A983-301DDA786F4E}.Debug|Any CPU.ActiveCfg = Debug|Any CPU
		{61606089-DEA9-4208-A983-301DDA786F4E}.Debug|Any CPU.Build.0 = Debug|Any CPU
		{61606089-DEA9-4208-A983-301DDA786F4E}.Release|Any CPU.ActiveCfg = Release|Any CPU
		{61606089-DEA9-4208-A983-301DDA786F4E}.Release|Any CPU.Build.0 = Release|Any CPU
		{1B82C21B-1301-45C0-A65B-44B25FE9C7C0}.Debug|Any CPU.ActiveCfg = Debug|Any CPU
		{1B82C21B-1301-45C0-A65B-44B25FE9C7C0}.Debug|Any CPU.Build.0 = Debug|Any CPU
		{1B82C21B-1301-45C0-A65B-44B25FE9C7C0}.Release|Any CPU.ActiveCfg = Release|Any CPU
		{1B82C21B-1301-45C0-A65B-44B25FE9C7C0}.Release|Any CPU.Build.0 = Release|Any CPU
		{73D69884-6781-4150-B63E-809A1110ED82}.Debug|Any CPU.ActiveCfg = Debug|Any CPU
		{73D69884-6781-4150-B63E-809A1110ED82}.Debug|Any CPU.Build.0 = Debug|Any CPU
		{73D69884-6781-4150-B63E-809A1110ED82}.Release|Any CPU.ActiveCfg = Release|Any CPU
		{73D69884-6781-4150-B63E-809A1110ED82}.Release|Any CPU.Build.0 = Release|Any CPU
		{9C1B9490-1752-49D7-84A0-7A64A2DEC4D5}.Debug|Any CPU.ActiveCfg = Debug|Any CPU
		{9C1B9490-1752-49D7-84A0-7A64A2DEC4D5}.Debug|Any CPU.Build.0 = Debug|Any CPU
		{9C1B9490-1752-49D7-84A0-7A64A2DEC4D5}.Release|Any CPU.ActiveCfg = Release|Any CPU
		{9C1B9490-1752-49D7-84A0-7A64A2DEC4D5}.Release|Any CPU.Build.0 = Release|Any CPU
	EndGlobalSection
	GlobalSection(SolutionProperties) = preSolution
		HideSolutionNode = FALSE
	EndGlobalSection
	GlobalSection(ExtensibilityGlobals) = postSolution
		SolutionGuid = {8CE95CE2-975E-478A-8669-8C82CAA97579}
	EndGlobalSection
	GlobalSection(SharedMSBuildProjectFiles) = preSolution
		SharedDemoProgram\SharedDemoProgram.projitems*{1b82c21b-1301-45c0-a65b-44b25fe9c7c0}*SharedItemsImports = 5
		SharedDemoProgram\SharedDemoProgram.projitems*{3f8f85e6-b563-4e11-9550-ed288393053a}*SharedItemsImports = 13
		SharedDemoProgram\SharedDemoProgram.projitems*{61606089-dea9-4208-a983-301dda786f4e}*SharedItemsImports = 5
		SharedDemoProgram\SharedDemoProgram.projitems*{73d69884-6781-4150-b63e-809a1110ed82}*SharedItemsImports = 5
		SharedDemoProgram\SharedDemoProgram.projitems*{9c1b9490-1752-49d7-84a0-7a64a2dec4d5}*SharedItemsImports = 5
	EndGlobalSection
EndGlobal
